
Microsoft Visual Studio Solution File, Format Version 12.00
# Visual Studio Version 17
VisualStudioVersion = 17.0.32112.339
MinimumVisualStudioVersion = 10.0.40219.1
Project("{9A19103F-16F7-4668-BE54-9A1E7A4F7556}") = "EventLook", "EventLook\EventLook.csproj", "{24914F67-C021-48C8-A775-E1EB64895CFC}"
EndProject
Project("{C7167F0D-BC9F-4E6E-AFE1-012C56B48DB5}") = "EventLookPackage", "EventLookPackage\EventLookPackage.wapproj", "{D4B4878A-B307-4BF4-BB76-8D9D9D8E3A66}"
EndProject
Project("{9A19103F-16F7-4668-BE54-9A1E7A4F7556}") = "AboutBoxWpf", "AboutBoxWpf\AboutBoxWpf.csproj", "{4760976C-05AB-4B7E-90AA-64E93CA2C80B}"
EndProject
Project("{FAE04EC0-301F-11D3-BF4B-00C04F79EFBC}") = "Tests", "Tests\Tests.csproj", "{2148775C-5ACC-49F7-99CE-C909370AB503}"
EndProject
Global
	GlobalSection(SolutionConfigurationPlatforms) = preSolution
		Debug|Any CPU = Debug|Any CPU
		Debug|ARM = Debug|ARM
		Debug|ARM64 = Debug|ARM64
		Debug|x64 = Debug|x64
		Debug|x86 = Debug|x86
		Release|Any CPU = Release|Any CPU
		Release|ARM = Release|ARM
		Release|ARM64 = Release|ARM64
		Release|x64 = Release|x64
		Release|x86 = Release|x86
	EndGlobalSection
	GlobalSection(ProjectConfigurationPlatforms) = postSolution
		{24914F67-C021-48C8-A775-E1EB64895CFC}.Debug|Any CPU.ActiveCfg = Debug|Any CPU
		{24914F67-C021-48C8-A775-E1EB64895CFC}.Debug|Any CPU.Build.0 = Debug|Any CPU
		{24914F67-C021-48C8-A775-E1EB64895CFC}.Debug|ARM.ActiveCfg = Debug|Any CPU
		{24914F67-C021-48C8-A775-E1EB64895CFC}.Debug|ARM.Build.0 = Debug|Any CPU
		{24914F67-C021-48C8-A775-E1EB64895CFC}.Debug|ARM64.ActiveCfg = Debug|ARM64
		{24914F67-C021-48C8-A775-E1EB64895CFC}.Debug|ARM64.Build.0 = Debug|ARM64
		{24914F67-C021-48C8-A775-E1EB64895CFC}.Debug|x64.ActiveCfg = Debug|x64
		{24914F67-C021-48C8-A775-E1EB64895CFC}.Debug|x64.Build.0 = Debug|x64
		{24914F67-C021-48C8-A775-E1EB64895CFC}.Debug|x86.ActiveCfg = Debug|x86
		{24914F67-C021-48C8-A775-E1EB64895CFC}.Debug|x86.Build.0 = Debug|x86
		{24914F67-C021-48C8-A775-E1EB64895CFC}.Release|Any CPU.ActiveCfg = Release|Any CPU
		{24914F67-C021-48C8-A775-E1EB64895CFC}.Release|Any CPU.Build.0 = Release|Any CPU
		{24914F67-C021-48C8-A775-E1EB64895CFC}.Release|ARM.ActiveCfg = Release|ARM32
		{24914F67-C021-48C8-A775-E1EB64895CFC}.Release|ARM.Build.0 = Release|ARM32
		{24914F67-C021-48C8-A775-E1EB64895CFC}.Release|ARM64.ActiveCfg = Release|ARM64
		{24914F67-C021-48C8-A775-E1EB64895CFC}.Release|ARM64.Build.0 = Release|ARM64
		{24914F67-C021-48C8-A775-E1EB64895CFC}.Release|x64.ActiveCfg = Release|x64
		{24914F67-C021-48C8-A775-E1EB64895CFC}.Release|x64.Build.0 = Release|x64
		{24914F67-C021-48C8-A775-E1EB64895CFC}.Release|x86.ActiveCfg = Release|x86
		{24914F67-C021-48C8-A775-E1EB64895CFC}.Release|x86.Build.0 = Release|x86
		{D4B4878A-B307-4BF4-BB76-8D9D9D8E3A66}.Debug|Any CPU.ActiveCfg = Debug|Any CPU
		{D4B4878A-B307-4BF4-BB76-8D9D9D8E3A66}.Debug|Any CPU.Build.0 = Debug|Any CPU
		{D4B4878A-B307-4BF4-BB76-8D9D9D8E3A66}.Debug|Any CPU.Deploy.0 = Debug|Any CPU
		{D4B4878A-B307-4BF4-BB76-8D9D9D8E3A66}.Debug|ARM.ActiveCfg = Debug|ARM
		{D4B4878A-B307-4BF4-BB76-8D9D9D8E3A66}.Debug|ARM.Build.0 = Debug|ARM
		{D4B4878A-B307-4BF4-BB76-8D9D9D8E3A66}.Debug|ARM.Deploy.0 = Debug|ARM
		{D4B4878A-B307-4BF4-BB76-8D9D9D8E3A66}.Debug|ARM64.ActiveCfg = Debug|ARM64
		{D4B4878A-B307-4BF4-BB76-8D9D9D8E3A66}.Debug|ARM64.Build.0 = Debug|ARM64
		{D4B4878A-B307-4BF4-BB76-8D9D9D8E3A66}.Debug|ARM64.Deploy.0 = Debug|ARM64
		{D4B4878A-B307-4BF4-BB76-8D9D9D8E3A66}.Debug|x64.ActiveCfg = Debug|x64
		{D4B4878A-B307-4BF4-BB76-8D9D9D8E3A66}.Debug|x64.Build.0 = Debug|x64
		{D4B4878A-B307-4BF4-BB76-8D9D9D8E3A66}.Debug|x64.Deploy.0 = Debug|x64
		{D4B4878A-B307-4BF4-BB76-8D9D9D8E3A66}.Debug|x86.ActiveCfg = Debug|x86
		{D4B4878A-B307-4BF4-BB76-8D9D9D8E3A66}.Debug|x86.Build.0 = Debug|x86
		{D4B4878A-B307-4BF4-BB76-8D9D9D8E3A66}.Debug|x86.Deploy.0 = Debug|x86
		{D4B4878A-B307-4BF4-BB76-8D9D9D8E3A66}.Release|Any CPU.ActiveCfg = Release|Any CPU
		{D4B4878A-B307-4BF4-BB76-8D9D9D8E3A66}.Release|Any CPU.Build.0 = Release|Any CPU
		{D4B4878A-B307-4BF4-BB76-8D9D9D8E3A66}.Release|Any CPU.Deploy.0 = Release|Any CPU
		{D4B4878A-B307-4BF4-BB76-8D9D9D8E3A66}.Release|ARM.ActiveCfg = Release|ARM
		{D4B4878A-B307-4BF4-BB76-8D9D9D8E3A66}.Release|ARM.Build.0 = Release|ARM
		{D4B4878A-B307-4BF4-BB76-8D9D9D8E3A66}.Release|ARM.Deploy.0 = Release|ARM
		{D4B4878A-B307-4BF4-BB76-8D9D9D8E3A66}.Release|ARM64.ActiveCfg = Release|ARM64
		{D4B4878A-B307-4BF4-BB76-8D9D9D8E3A66}.Release|ARM64.Build.0 = Release|ARM64
		{D4B4878A-B307-4BF4-BB76-8D9D9D8E3A66}.Release|ARM64.Deploy.0 = Release|ARM64
		{D4B4878A-B307-4BF4-BB76-8D9D9D8E3A66}.Release|x64.ActiveCfg = Release|x64
		{D4B4878A-B307-4BF4-BB76-8D9D9D8E3A66}.Release|x64.Build.0 = Release|x64
		{D4B4878A-B307-4BF4-BB76-8D9D9D8E3A66}.Release|x64.Deploy.0 = Release|x64
		{D4B4878A-B307-4BF4-BB76-8D9D9D8E3A66}.Release|x86.ActiveCfg = Release|x86
		{D4B4878A-B307-4BF4-BB76-8D9D9D8E3A66}.Release|x86.Build.0 = Release|x86
		{D4B4878A-B307-4BF4-BB76-8D9D9D8E3A66}.Release|x86.Deploy.0 = Release|x86
		{4760976C-05AB-4B7E-90AA-64E93CA2C80B}.Debug|Any CPU.ActiveCfg = Debug|Any CPU
		{4760976C-05AB-4B7E-90AA-64E93CA2C80B}.Debug|Any CPU.Build.0 = Debug|Any CPU
		{4760976C-05AB-4B7E-90AA-64E93CA2C80B}.Debug|ARM.ActiveCfg = Debug|Any CPU
		{4760976C-05AB-4B7E-90AA-64E93CA2C80B}.Debug|ARM.Build.0 = Debug|Any CPU
		{4760976C-05AB-4B7E-90AA-64E93CA2C80B}.Debug|ARM64.ActiveCfg = Debug|ARM64
		{4760976C-05AB-4B7E-90AA-64E93CA2C80B}.Debug|ARM64.Build.0 = Debug|ARM64
		{4760976C-05AB-4B7E-90AA-64E93CA2C80B}.Debug|x64.ActiveCfg = Debug|x64
		{4760976C-05AB-4B7E-90AA-64E93CA2C80B}.Debug|x64.Build.0 = Debug|x64
		{4760976C-05AB-4B7E-90AA-64E93CA2C80B}.Debug|x86.ActiveCfg = Debug|x86
		{4760976C-05AB-4B7E-90AA-64E93CA2C80B}.Debug|x86.Build.0 = Debug|x86
		{4760976C-05AB-4B7E-90AA-64E93CA2C80B}.Release|Any CPU.ActiveCfg = Release|Any CPU
		{4760976C-05AB-4B7E-90AA-64E93CA2C80B}.Release|Any CPU.Build.0 = Release|Any CPU
		{4760976C-05AB-4B7E-90AA-64E93CA2C80B}.Release|ARM.ActiveCfg = Release|Any CPU
		{4760976C-05AB-4B7E-90AA-64E93CA2C80B}.Release|ARM.Build.0 = Release|Any CPU
		{4760976C-05AB-4B7E-90AA-64E93CA2C80B}.Release|ARM64.ActiveCfg = Release|ARM64
		{4760976C-05AB-4B7E-90AA-64E93CA2C80B}.Release|ARM64.Build.0 = Release|ARM64
		{4760976C-05AB-4B7E-90AA-64E93CA2C80B}.Release|x64.ActiveCfg = Release|x64
		{4760976C-05AB-4B7E-90AA-64E93CA2C80B}.Release|x64.Build.0 = Release|x64
		{4760976C-05AB-4B7E-90AA-64E93CA2C80B}.Release|x86.ActiveCfg = Release|x86
		{4760976C-05AB-4B7E-90AA-64E93CA2C80B}.Release|x86.Build.0 = Release|x86
		{2148775C-5ACC-49F7-99CE-C909370AB503}.Debug|Any CPU.ActiveCfg = Debug|Any CPU
		{2148775C-5ACC-49F7-99CE-C909370AB503}.Debug|Any CPU.Build.0 = Debug|Any CPU
		{2148775C-5ACC-49F7-99CE-C909370AB503}.Debug|ARM.ActiveCfg = Debug|Any CPU
		{2148775C-5ACC-49F7-99CE-C909370AB503}.Debug|ARM.Build.0 = Debug|Any CPU
		{2148775C-5ACC-49F7-99CE-C909370AB503}.Debug|ARM64.ActiveCfg = Debug|Any CPU
		{2148775C-5ACC-49F7-99CE-C909370AB503}.Debug|ARM64.Build.0 = Debug|Any CPU
		{2148775C-5ACC-49F7-99CE-C909370AB503}.Debug|x64.ActiveCfg = Debug|x64
		{2148775C-5ACC-49F7-99CE-C909370AB503}.Debug|x64.Build.0 = Debug|x64
		{2148775C-5ACC-49F7-99CE-C909370AB503}.Debug|x86.ActiveCfg = Debug|Any CPU
		{2148775C-5ACC-49F7-99CE-C909370AB503}.Debug|x86.Build.0 = Debug|Any CPU
		{2148775C-5ACC-49F7-99CE-C909370AB503}.Release|Any CPU.ActiveCfg = Release|Any CPU
		{2148775C-5ACC-49F7-99CE-C909370AB503}.Release|Any CPU.Build.0 = Release|Any CPU
		{2148775C-5ACC-49F7-99CE-C909370AB503}.Release|ARM.ActiveCfg = Release|Any CPU
		{2148775C-5ACC-49F7-99CE-C909370AB503}.Release|ARM.Build.0 = Release|Any CPU
		{2148775C-5ACC-49F7-99CE-C909370AB503}.Release|ARM64.ActiveCfg = Release|Any CPU
		{2148775C-5ACC-49F7-99CE-C909370AB503}.Release|ARM64.Build.0 = Release|Any CPU
		{2148775C-5ACC-49F7-99CE-C909370AB503}.Release|x64.ActiveCfg = Release|x64
		{2148775C-5ACC-49F7-99CE-C909370AB503}.Release|x64.Build.0 = Release|x64
		{2148775C-5ACC-49F7-99CE-C909370AB503}.Release|x86.ActiveCfg = Release|Any CPU
		{2148775C-5ACC-49F7-99CE-C909370AB503}.Release|x86.Build.0 = Release|Any CPU
	EndGlobalSection
	GlobalSection(SolutionProperties) = preSolution
		HideSolutionNode = FALSE
	EndGlobalSection
	GlobalSection(ExtensibilityGlobals) = postSolution
		SolutionGuid = {47AD5ED7-AEBF-4D83-916B-10E1C3292890}
	EndGlobalSection
EndGlobal
